
Microsoft Visual Studio Solution File, Format Version 12.00
# Visual Studio Version 17
VisualStudioVersion = 17.8.34330.188
MinimumVisualStudioVersion = 10.0.40219.1
Project("{FAE04EC0-301F-11D3-BF4B-00C04F79EFBC}") = "modulo6api", "modulo6api\modulo6api.csproj", "{C98EF8AF-3DAA-4006-B371-0E90ADBB58DD}"
EndProject
Global
	GlobalSection(SolutionConfigurationPlatforms) = preSolution
		Debug|Any CPU = Debug|Any CPU
		Release|Any CPU = Release|Any CPU
	EndGlobalSection
	GlobalSection(ProjectConfigurationPlatforms) = postSolution
		{C98EF8AF-3DAA-4006-B371-0E90ADBB58DD}.Debug|Any CPU.ActiveCfg = Debug|Any CPU
		{C98EF8AF-3DAA-4006-B371-0E90ADBB58DD}.Debug|Any CPU.Build.0 = Debug|Any CPU
		{C98EF8AF-3DAA-4006-B371-0E90ADBB58DD}.Release|Any CPU.ActiveCfg = Release|Any CPU
		{C98EF8AF-3DAA-4006-B371-0E90ADBB58DD}.Release|Any CPU.Build.0 = Release|Any CPU
	EndGlobalSection
	GlobalSection(SolutionProperties) = preSolution
		HideSolutionNode = FALSE
	EndGlobalSection
	GlobalSection(ExtensibilityGlobals) = postSolution
		SolutionGuid = {BF3E09CF-43E1-49DB-805D-09B22AE0B1CE}
	EndGlobalSection
EndGlobal
